
Microsoft Visual Studio Solution File, Format Version 12.00
# Visual Studio 14
VisualStudioVersion = 14.0.25420.1
MinimumVisualStudioVersion = 10.0.40219.1
Project("{FAE04EC0-301F-11D3-BF4B-00C04F79EFBC}") = "ProHealth.Core", "ProHealth.Core.csproj", "{D9E6F70C-4F68-4A0F-8B00-4FDB02460491}"
EndProject
Project("{FAE04EC0-301F-11D3-BF4B-00C04F79EFBC}") = "ProHealth.Droid", "..\ProHealth.Droid\ProHealth.Droid.csproj", "{0DD25A22-0E8C-4030-869F-752D75C46572}"
EndProject
Global
	GlobalSection(SolutionConfigurationPlatforms) = preSolution
		Debug|Any CPU = Debug|Any CPU
		Release|Any CPU = Release|Any CPU
	EndGlobalSection
	GlobalSection(ProjectConfigurationPlatforms) = postSolution
		{D9E6F70C-4F68-4A0F-8B00-4FDB02460491}.Debug|Any CPU.ActiveCfg = Debug|Any CPU
		{D9E6F70C-4F68-4A0F-8B00-4FDB02460491}.Debug|Any CPU.Build.0 = Debug|Any CPU
		{D9E6F70C-4F68-4A0F-8B00-4FDB02460491}.Release|Any CPU.ActiveCfg = Release|Any CPU
		{D9E6F70C-4F68-4A0F-8B00-4FDB02460491}.Release|Any CPU.Build.0 = Release|Any CPU
		{0DD25A22-0E8C-4030-869F-752D75C46572}.Debug|Any CPU.ActiveCfg = Debug|Any CPU
		{0DD25A22-0E8C-4030-869F-752D75C46572}.Debug|Any CPU.Build.0 = Debug|Any CPU
		{0DD25A22-0E8C-4030-869F-752D75C46572}.Debug|Any CPU.Deploy.0 = Debug|Any CPU
		{0DD25A22-0E8C-4030-869F-752D75C46572}.Release|Any CPU.ActiveCfg = Release|Any CPU
		{0DD25A22-0E8C-4030-869F-752D75C46572}.Release|Any CPU.Build.0 = Release|Any CPU
		{0DD25A22-0E8C-4030-869F-752D75C46572}.Release|Any CPU.Deploy.0 = Release|Any CPU
	EndGlobalSection
	GlobalSection(SolutionProperties) = preSolution
		HideSolutionNode = FALSE
	EndGlobalSection
EndGlobal
